{
  "name": "example-site",
  "version": "1.0.0",
  "lockfileVersion": 1,
  "requires": true,
  "dependencies": {
    "netlify-plugin-cypress": {
      "version": "file:../packages/netlify-plugin-cypress",
      "dev": true
    },
    "netlify-plugin-example": {
      "version": "file:../packages/netlify-plugin-example",
      "dev": true
    },
    "netlify-plugin-lighthouse": {
      "version": "file:../packages/netlify-plugin-lighthouse",
      "dev": true
    },
    "netlify-plugin-notifier": {
      "version": "file:../packages/netlify-plugin-notifier",
      "dev": true
    },
    "netlify-plugin-sitemap": {
      "version": "file:../packages/netlify-plugin-sitemap",
      "dev": true
    }
  }
}
