{
  "version": "5",
  "redirects": {
    "https://68945e2afae503000862a504--edge.netlify.app/bootstrap/index-combined.ts": "https://68945e2afae503000862a504--edge.netlify.com/bootstrap/index-combined.ts"
  },
  "remote": {
    "https://68945e2afae503000862a504--edge.netlify.com/bootstrap/account.ts": "192cb0b87d19640058bb28e7a9d46c59ba77e0bf41b89708e23938cca2644e06",
    "https://68945e2afae503000862a504--edge.netlify.com/bootstrap/blobs.ts": "3b46e2af986f4675e119810304ed681e66b8ea49adb407f38f76c5ff4bb4f05f",
    "https://68945e2afae503000862a504--edge.netlify.com/bootstrap/bypass.ts": "cf3423a7e2b9f136e84b93dfedbe7d27887c75e68e20619b2ffd891919f27c3e",
    "https://68945e2afae503000862a504--edge.netlify.com/bootstrap/cache.ts": "82af3afd301482592a02bdc7fced77620b42e4dd9414bf60510f559a5af15c84",
    "https://68945e2afae503000862a504--edge.netlify.com/bootstrap/context.ts": "fd792dda2b38ccea88c7d72aadf31825a2f08fa30c574ab21f9cafba578245e0",
    "https://68945e2afae503000862a504--edge.netlify.com/bootstrap/cookie.ts": "8b0baae708989ca183c6f3b4ab3d029e6abcbc2e43f93edeb0ff447b3bbc3a05",
    "https://68945e2afae503000862a504--edge.netlify.com/bootstrap/cookie_store.ts": "2a1da3b09a35f8b31c82f91f182cf4dd43bc03c3e48036563d3803b7dd5b52c4",
    "https://68945e2afae503000862a504--edge.netlify.com/bootstrap/deno-fs.ts": "ccd0a9335de14e01d77e8937e2320c99a110f5f2a473b80126750e3884ef952a",
    "https://68945e2afae503000862a504--edge.netlify.com/bootstrap/edge_function.ts": "b8253e86aa83c67341f5cfedeba5049d77fbf84dcab7eceff7566b7728ae9b39",
    "https://68945e2afae503000862a504--edge.netlify.com/bootstrap/environment.ts": "6d8bfb2359f170db4a1e1513904e9610ed047d7c1187cc0ceb4f0356231fbdde",
    "https://68945e2afae503000862a504--edge.netlify.com/bootstrap/feature_flags.ts": "cd8f7c33b75c999a52085a4c338d961d6092e48e18e868a73b0759ff940ddc00",
    "https://68945e2afae503000862a504--edge.netlify.com/bootstrap/function_chain.ts": "15486ca1ac8776853d2d66b37d50500e8d4a965072f463ed3b0bdde93419355e",
    "https://68945e2afae503000862a504--edge.netlify.com/bootstrap/geo.ts": "f5c8edca3a460c82c2e9300270b2d270531efa995cc8c2c0b239713775bf6fe5",
    "https://68945e2afae503000862a504--edge.netlify.com/bootstrap/globals/implementation.ts": "dbfb9b73fcbd2b7ce56260ea7b6062075702dcbab75403fcd8ea454fb7bfb5c4",
    "https://68945e2afae503000862a504--edge.netlify.com/bootstrap/globals/types.ts": "eaa6148ded3121d8dee62dd91c86e7fe76601df0f3ca8d7962243a30f4c8935f",
    "https://68945e2afae503000862a504--edge.netlify.com/bootstrap/handler.ts": "1578f8b8f5b39b2a346e20a696b0e3286d1063c7c73f4b6478321fa416f86d98",
    "https://68945e2afae503000862a504--edge.netlify.com/bootstrap/headers.ts": "29fabf11a6ad4cff2119f6e9c34e517539e8d7a65fdb842276943371079311bd",
    "https://68945e2afae503000862a504--edge.netlify.com/bootstrap/index-combined.ts": "92dc4703e8c779b24da845f4279353716a903c91f4fa406640d917303dcd6875",
    "https://68945e2afae503000862a504--edge.netlify.com/bootstrap/invocation_metadata.ts": "59fc734ee2413aa05802093d6e3d2ba76f7f2d0c979e0490b9c127c36c56744f",
    "https://68945e2afae503000862a504--edge.netlify.com/bootstrap/log/instrumented_log.ts": "12fddc7504ca3551f64b7599fba0ec43aba672f3cc109db30663af1175e64a83",
    "https://68945e2afae503000862a504--edge.netlify.com/bootstrap/log/logger.ts": "74b7e7fb58654678a2eaddb3257f279056a5cbec884b355e5b62ac9e582496fa",
    "https://68945e2afae503000862a504--edge.netlify.com/bootstrap/metrics.ts": "a585daf2bffa339b3be707e6f9e8d9c65a78a820513557f7b0806f3895e1c295",
    "https://68945e2afae503000862a504--edge.netlify.com/bootstrap/path_parameters.ts": "8266dd6cbb4dbf859aa3536b1250b4daace8f00b2c82e7042006d8d0e448dd52",
    "https://68945e2afae503000862a504--edge.netlify.com/bootstrap/request.ts": "bc3091cb814669a9c25e7a09a30322b0275a65b8205dedae78cbdc885c6e1637",
    "https://68945e2afae503000862a504--edge.netlify.com/bootstrap/response.ts": "4e0d2537f810028ddbe91138b3526dae3f4c3fb30ff17673342ca971207c21b7",
    "https://68945e2afae503000862a504--edge.netlify.com/bootstrap/retry.ts": "196357ed0af0b77a6919bcc6c10c42a22742dd099a7343c1227eb35b1fdebc5c",
    "https://68945e2afae503000862a504--edge.netlify.com/bootstrap/router.ts": "8096d7a39a1f7bdb7342d79219c5806817cbc2bc71657a9947dbee0c661dcc66",
    "https://68945e2afae503000862a504--edge.netlify.com/bootstrap/server.ts": "92467294ea2a6c8c2038583d89ee77c82c2626c88e994e62d8aa8aac6c2efad3",
    "https://68945e2afae503000862a504--edge.netlify.com/bootstrap/site.ts": "ae2fe4267a6101fa93c1ccd36dfa4a7b084d66aeeded337fa2683b8904718ee1",
    "https://68945e2afae503000862a504--edge.netlify.com/bootstrap/stage_2.ts": "a90258046f480d1e423c140d5cdbf305c860283e021d2bcf5eff36d5d6929114",
    "https://68945e2afae503000862a504--edge.netlify.com/bootstrap/util/errors.ts": "8e14c65504f204c1773342a68a376995fe45d9397b6e3f453d19940270ebf707",
    "https://68945e2afae503000862a504--edge.netlify.com/bootstrap/util/execution_context.ts": "bed601756bc9458163801c0c42b49c249962e7eca3b9fc6b2aa9c3057af235cf",
    "https://68945e2afae503000862a504--edge.netlify.com/bootstrap/util/fetch.ts": "91967d093d0f6b6be098f2c69ccf4272d4eefcafe234674209d69a399d4871aa",
    "https://68945e2afae503000862a504--edge.netlify.com/bootstrap/util/patch_globals.ts": "70ccedcf3790aa97e3570efaca93973b2ef281c59cfb9e173073913553c81872",
    "https://68945e2afae503000862a504--edge.netlify.com/bootstrap/util/redirect.ts": "30c76d79832f9b3af21fbe31e29c841f9c3ab85fb34cac80e1e6a5ab7de55551",
    "https://68945e2afae503000862a504--edge.netlify.com/bootstrap/util/stack_tracer.ts": "20e47bfb3c365be712067dd62457ac20b6204420ca7250d9e607665c2b4a2823",
    "https://68945e2afae503000862a504--edge.netlify.com/vendor/deno.land/std@0.170.0/_util/asserts.ts": "d0844e9b62510f89ce1f9878b046f6a57bf88f208a10304aab50efcb48365272",
    "https://68945e2afae503000862a504--edge.netlify.com/vendor/deno.land/std@0.170.0/_util/os.ts": "8a33345f74990e627b9dfe2de9b040004b08ea5146c7c9e8fe9a29070d193934",
    "https://68945e2afae503000862a504--edge.netlify.com/vendor/deno.land/std@0.170.0/async/abortable.ts": "80b2ac399f142cc528f95a037a7d0e653296352d95c681e284533765961de409",
    "https://68945e2afae503000862a504--edge.netlify.com/vendor/deno.land/std@0.170.0/async/deadline.ts": "2c2deb53c7c28ca1dda7a3ad81e70508b1ebc25db52559de6b8636c9278fd41f",
    "https://68945e2afae503000862a504--edge.netlify.com/vendor/deno.land/std@0.170.0/async/debounce.ts": "60301ffb37e730cd2d6f9dadfd0ecb2a38857681bd7aaf6b0a106b06e5210a98",
    "https://68945e2afae503000862a504--edge.netlify.com/vendor/deno.land/std@0.170.0/async/deferred.ts": "77d3f84255c3627f1cc88699d8472b664d7635990d5358c4351623e098e917d6",
    "https://68945e2afae503000862a504--edge.netlify.com/vendor/deno.land/std@0.170.0/async/delay.ts": "5a9bfba8de38840308a7a33786a0155a7f6c1f7a859558ddcec5fe06e16daf57",
    "https://68945e2afae503000862a504--edge.netlify.com/vendor/deno.land/std@0.170.0/async/mod.ts": "7809ad4bb223e40f5fdc043e5c7ca04e0e25eed35c32c3c32e28697c553fa6d9",
    "https://68945e2afae503000862a504--edge.netlify.com/vendor/deno.land/std@0.170.0/async/mux_async_iterator.ts": "770a0ff26c59f8bbbda6b703a2235f04e379f73238e8d66a087edc68c2a2c35f",
    "https://68945e2afae503000862a504--edge.netlify.com/vendor/deno.land/std@0.170.0/async/pool.ts": "6854d8cd675a74c73391c82005cbbe4cc58183bddcd1fbbd7c2bcda42b61cf69",
    "https://68945e2afae503000862a504--edge.netlify.com/vendor/deno.land/std@0.170.0/async/retry.ts": "e8e5173623915bbc0ddc537698fa418cf875456c347eda1ed453528645b42e67",
    "https://68945e2afae503000862a504--edge.netlify.com/vendor/deno.land/std@0.170.0/async/tee.ts": "3a47cc4e9a940904fd4341f0224907e199121c80b831faa5ec2b054c6d2eff5e",
    "https://68945e2afae503000862a504--edge.netlify.com/vendor/deno.land/std@0.170.0/datetime/to_imf.ts": "bdb0704a986a9bb48fba220722b3d4681e4b8c9c162562ee545ef2eb90b6edcd",
    "https://68945e2afae503000862a504--edge.netlify.com/vendor/deno.land/std@0.170.0/encoding/base64.ts": "8605e018e49211efc767686f6f687827d7f5fd5217163e981d8d693105640d7a",
    "https://68945e2afae503000862a504--edge.netlify.com/vendor/deno.land/std@0.170.0/http/cookie.ts": "581464551b3d91739f699fbd6a429e6e8701ae252cf295efcda7379e8410d204",
    "https://68945e2afae503000862a504--edge.netlify.com/vendor/deno.land/std@0.170.0/http/http_status.ts": "ed24048cc0d06066c944da59b0301da3ae2f990564bb4ad79bb52a09cf8e9b30",
    "https://68945e2afae503000862a504--edge.netlify.com/vendor/deno.land/std@0.170.0/path/_constants.ts": "df1db3ffa6dd6d1252cc9617e5d72165cd2483df90e93833e13580687b6083c3",
    "https://68945e2afae503000862a504--edge.netlify.com/vendor/deno.land/std@0.170.0/path/_interface.ts": "ee3b431a336b80cf445441109d089b70d87d5e248f4f90ff906820889ecf8d09",
    "https://68945e2afae503000862a504--edge.netlify.com/vendor/deno.land/std@0.170.0/path/_util.ts": "d16be2a16e1204b65f9d0dfc54a9bc472cafe5f4a190b3c8471ec2016ccd1677",
    "https://68945e2afae503000862a504--edge.netlify.com/vendor/deno.land/std@0.170.0/path/common.ts": "bee563630abd2d97f99d83c96c2fa0cca7cee103e8cb4e7699ec4d5db7bd2633",
    "https://68945e2afae503000862a504--edge.netlify.com/vendor/deno.land/std@0.170.0/path/glob.ts": "81cc6c72be002cd546c7a22d1f263f82f63f37fe0035d9726aa96fc8f6e4afa1",
    "https://68945e2afae503000862a504--edge.netlify.com/vendor/deno.land/std@0.170.0/path/mod.ts": "cf7cec7ac11b7048bb66af8ae03513e66595c279c65cfa12bfc07d9599608b78",
    "https://68945e2afae503000862a504--edge.netlify.com/vendor/deno.land/std@0.170.0/path/posix.ts": "b859684bc4d80edfd4cad0a82371b50c716330bed51143d6dcdbe59e6278b30c",
    "https://68945e2afae503000862a504--edge.netlify.com/vendor/deno.land/std@0.170.0/path/separator.ts": "fe1816cb765a8068afb3e8f13ad272351c85cbc739af56dacfc7d93d710fe0f9",
    "https://68945e2afae503000862a504--edge.netlify.com/vendor/deno.land/std@0.170.0/path/win32.ts": "7cebd2bda6657371adc00061a1d23fdd87bcdf64b4843bb148b0b24c11b40f69",
    "https://68945e2afae503000862a504--edge.netlify.com/vendor/esm.sh/@netlify/cache@1.7.1/denonext/dist/bootstrap/main.mjs": "e5cb61f205526ccec8e47f79bb1e94c20ca5a5e1078f1de4b9ed262ac18cf4ae",
    "https://68945e2afae503000862a504--edge.netlify.com/vendor/v1-8-0--edge-utils.netlify.app/logger/logger.ts": "8bd7a5e28b9be06f806f429be853ef865055d100a63f21ebfa2522a5bb3ab23a",
    "https://68945e2afae503000862a504--edge.netlify.com/vendor/v1-8-0--edge-utils.netlify.app/logger/mod.ts": "669a5ec2dceede2926b0e1a7471c449a445f957c1deac559e07fb4c2af390ed1",
    "https://deno.land/std@0.170.0/_util/asserts.ts": "d0844e9b62510f89ce1f9878b046f6a57bf88f208a10304aab50efcb48365272",
    "https://deno.land/std@0.170.0/flags/mod.ts": "4f50ec6383c02684db35de38b3ffb2cd5b9fcfcc0b1147055d1980c49e82521c"
  },
  "workspace": {
    "packageJson": {
      "dependencies": [
        "npm:@commitlint/cli@19",
        "npm:@commitlint/config-conventional@19",
        "npm:@eslint/compat@^1.2.9",
        "npm:@eslint/js@^9.28.0",
        "npm:@typescript-eslint/eslint-plugin@^8.34.0",
        "npm:@vitest/eslint-plugin@^1.2.1",
        "npm:eslint-config-prettier@^10.1.5",
        "npm:eslint-plugin-ava@^15.0.1",
        "npm:eslint-plugin-import@^2.31.0",
        "npm:eslint-plugin-n@^17.19.0",
        "npm:eslint@^9.28.0",
        "npm:execa@^8.0.1",
        "npm:lerna@^8.2.2",
        "npm:prettier@3",
        "npm:typescript-eslint@^8.34.0"
      ]
    },
    "members": {
      "packages/build": {
        "packageJson": {
          "dependencies": [
            "npm:@bugsnag/js@8",
            "npm:@netlify/blobs@^10.0.7",
            "npm:@netlify/cache-utils@^6.0.3",
            "npm:@netlify/config@^24.0.1",
            "npm:@netlify/edge-bundler@14.5.0",
            "npm:@netlify/functions-utils@^6.2.1",
            "npm:@netlify/git-utils@^6.0.2",
            "npm:@netlify/nock-udp@^5.0.1",
            "npm:@netlify/opentelemetry-utils@^2.0.1",
            "npm:@netlify/plugins-list@^6.80.0",
            "npm:@netlify/run-utils@^6.0.2",
            "npm:@netlify/zip-it-and-ship-it@14.1.1",
            "npm:@opentelemetry/api@1.8",
            "npm:@opentelemetry/sdk-trace-base@1.24",
            "npm:@sindresorhus/slugify@2",
            "npm:@types/node@^18.19.111",
            "npm:ansi-escapes@7",
            "npm:ansis@^4.1.0",
            "npm:atob@^2.1.2",
            "npm:ava@5",
            "npm:c8@10",
            "npm:clean-stack@5",
            "npm:cpy-cli@5",
            "npm:cpy@11",
            "npm:execa@8",
            "npm:fdir@^6.0.1",
            "npm:figures@6",
            "npm:filter-obj@6",
            "npm:get-node@^14.2.1",
            "npm:get-port@7",
            "npm:has-ansi@6",
            "npm:hot-shots@11.1.0",
            "npm:indent-string@5",
            "npm:is-plain-obj@4",
            "npm:keep-func-props@6",
            "npm:log-process-errors@11",
            "npm:memoize-one@6",
            "npm:minimatch@^9.0.4",
            "npm:moize@6",
            "npm:npm-run-all2@6",
            "npm:os-name@6",
            "npm:p-event@6",
            "npm:p-filter@4",
            "npm:p-locate@6",
            "npm:p-map@7",
            "npm:p-reduce@3",
            "npm:package-directory@8",
            "npm:path-exists@5",
            "npm:pretty-ms@9",
            "npm:process-exists@5",
            "npm:ps-list@8",
            "npm:read-package-up@11",
            "npm:readdirp@4",
            "npm:resolve@^2.0.0-next.5",
            "npm:rfdc@^1.3.0",
            "npm:safe-json-stringify@^1.2.0",
            "npm:semver@^7.3.8",
            "npm:string-width@7",
            "npm:supports-color@10",
            "npm:terminal-link@4",
            "npm:tinyspy@^4.0.3",
            "npm:tmp-promise@^3.0.2",
            "npm:ts-node@^10.9.1",
            "npm:tsd@0.32",
            "npm:typescript@5",
            "npm:uuid@11",
            "npm:vitest@3",
            "npm:yaml@^2.8.0",
            "npm:yargs@^17.6.0",
            "npm:yarn@^1.22.22"
          ]
        }
      },
      "packages/build-info": {
        "packageJson": {
          "dependencies": [
            "npm:@bugsnag/js@8",
            "npm:@iarna/toml@^2.2.5",
            "npm:@playwright/test@^1.53.1",
            "npm:@types/node@^18.19.111",
            "npm:@types/semver@^7.3.13",
            "npm:@vitest/ui@3",
            "npm:dot-prop@9",
            "npm:execa@8",
            "npm:find-up@7",
            "npm:memfs@4",
            "npm:minimatch@9",
            "npm:read-pkg@9",
            "npm:semver@^7.3.8",
            "npm:typescript@5",
            "npm:unionfs@^4.4.0",
            "npm:vitest@3",
            "npm:yaml@^2.8.0",
            "npm:yargs@^17.6.0"
          ]
        }
      },
      "packages/cache-utils": {
        "packageJson": {
          "dependencies": [
            "npm:@types/node@^18.19.111",
            "npm:cpy@11",
            "npm:get-stream@9",
            "npm:globby@14",
            "npm:junk@4",
            "npm:locate-path@7",
            "npm:move-file@3",
            "npm:readdirp@4",
            "npm:tmp-promise@3",
            "npm:typescript@5",
            "npm:vitest@3"
          ]
        }
      },
      "packages/config": {
        "packageJson": {
          "dependencies": [
            "npm:@iarna/toml@^2.2.5",
            "npm:@netlify/api@^14.0.3",
            "npm:@netlify/headers-parser@^9.0.1",
            "npm:@netlify/redirect-parser@^15.0.3",
            "npm:@types/node@^18.19.111",
            "npm:ava@5",
            "npm:c8@10",
            "npm:chalk@5",
            "npm:cron-parser@^4.1.0",
            "npm:deepmerge@^4.2.2",
            "npm:dot-prop@9",
            "npm:execa@8",
            "npm:fast-safe-stringify@^2.0.7",
            "npm:figures@6",
            "npm:filter-obj@6",
            "npm:find-up@7",
            "npm:has-ansi@6",
            "npm:indent-string@5",
            "npm:is-ci@4",
            "npm:is-plain-obj@4",
            "npm:map-obj@5",
            "npm:omit.js@^2.0.2",
            "npm:p-locate@6",
            "npm:path-type@6",
            "npm:read-package-up@11",
            "npm:tmp-promise@^3.0.2",
            "npm:tomlify-j0.4@3",
            "npm:typescript@5",
            "npm:validate-npm-package-name@5",
            "npm:yaml@^2.8.0",
            "npm:yargs@^17.6.0",
            "npm:zod@^4.0.5"
          ]
        }
      },
      "packages/edge-bundler": {
        "packageJson": {
          "dependencies": [
            "npm:@import-maps/resolve@2",
            "npm:@netlify/edge-functions-bootstrap@^2.14.0",
            "npm:@types/node@^18.19.111",
            "npm:@types/semver@^7.3.9",
            "npm:@types/uuid@10",
            "npm:@vitest/coverage-v8@3",
            "npm:ajv-errors@3",
            "npm:ajv@^8.11.2",
            "npm:archiver@7",
            "npm:better-ajv-errors@^1.2.0",
            "npm:chalk@^5.4.0",
            "npm:common-path-prefix@3",
            "npm:cpy@^11.1.0",
            "npm:env-paths@3",
            "npm:esbuild@0.25.6",
            "npm:execa@8",
            "npm:find-up@7",
            "npm:get-port@7",
            "npm:nock@14",
            "npm:node-stream-zip@^1.15.0",
            "npm:npm-run-all2@6",
            "npm:p-retry@6",
            "npm:p-wait-for@5",
            "npm:parse-imports@^2.2.1",
            "npm:path-key@4",
            "npm:semver@^7.3.8",
            "npm:tar@^7.4.3",
            "npm:tmp-promise@^3.0.3",
            "npm:typescript@5",
            "npm:urlpattern-polyfill@8.0.2",
            "npm:uuid@11",
            "npm:vitest@3"
          ]
        }
      },
      "packages/functions-utils": {
        "packageJson": {
          "dependencies": [
            "npm:@netlify/zip-it-and-ship-it@14.1.1",
            "npm:@types/node@^18.19.111",
            "npm:cpy@11",
            "npm:path-exists@5",
            "npm:sort-on@6",
            "npm:tmp-promise@3",
            "npm:typescript@5",
            "npm:vitest@3"
          ]
        }
      },
      "packages/git-utils": {
        "packageJson": {
          "dependencies": [
            "npm:@types/node@^18.19.111",
            "npm:execa@8",
            "npm:map-obj@5",
            "npm:micromatch@^4.0.2",
            "npm:moize@^6.1.3",
            "npm:typescript@5",
            "npm:vitest@3"
          ]
        }
      },
      "packages/headers-parser": {
        "packageJson": {
          "dependencies": [
            "npm:@iarna/toml@^2.2.5",
            "npm:@types/node@^18.19.111",
            "npm:escape-string-regexp@5",
            "npm:fast-safe-stringify@^2.0.7",
            "npm:is-plain-obj@4",
            "npm:map-obj@5",
            "npm:path-exists@5",
            "npm:typescript@5",
            "npm:vitest@3"
          ]
        }
      },
      "packages/js-client": {
        "packageJson": {
          "dependencies": [
            "npm:@netlify/open-api@^2.37.0",
            "npm:@types/lodash-es@^4.17.6",
            "npm:@types/node@^18.19.111",
            "npm:from2-string@^1.1.0",
            "npm:lodash-es@^4.17.21",
            "npm:nock@13",
            "npm:node-fetch@3",
            "npm:p-wait-for@5",
            "npm:picoquery@^2.5.0",
            "npm:ts-node@^10.9.1",
            "npm:typescript@5",
            "npm:uuid@11",
            "npm:vitest@^3.2.3"
          ]
        }
      },
      "packages/nock-udp": {
        "packageJson": {
          "dependencies": [
            "npm:@types/node@^18.19.111",
            "npm:typescript@5",
            "npm:vitest@3"
          ]
        }
      },
      "packages/opentelemetry-sdk-setup": {
        "packageJson": {
          "dependencies": [
            "npm:@honeycombio/opentelemetry-node@~0.7.1",
            "npm:@netlify/opentelemetry-utils@~2.0.1",
            "npm:@opentelemetry/api@1.8",
            "npm:@opentelemetry/core@1.24",
            "npm:@opentelemetry/resources@1.24",
            "npm:@opentelemetry/sdk-trace-base@1.24",
            "npm:@opentelemetry/semantic-conventions@1.24",
            "npm:@types/node@^18.19.111",
            "npm:@vitest/ui@3",
            "npm:read-package-up@11",
            "npm:typescript@5",
            "npm:vitest@3",
            "npm:yargs-parser@^21.1.1"
          ]
        }
      },
      "packages/opentelemetry-utils": {
        "packageJson": {
          "dependencies": [
            "npm:@opentelemetry/api@1.8",
            "npm:@opentelemetry/sdk-trace-base@1.24",
            "npm:@opentelemetry/sdk-trace-node@1.24",
            "npm:@types/node@^18.19.111",
            "npm:@vitest/ui@3",
            "npm:typescript@5",
            "npm:vitest@3"
          ]
        }
      },
      "packages/redirect-parser": {
        "packageJson": {
          "dependencies": [
            "npm:@iarna/toml@^2.2.5",
            "npm:@types/node@^18.19.111",
            "npm:fast-safe-stringify@^2.1.1",
            "npm:is-plain-obj@4",
            "npm:path-exists@5",
            "npm:typescript@5",
            "npm:vitest@3"
          ]
        }
      },
      "packages/run-utils": {
        "packageJson": {
          "dependencies": [
            "npm:@types/node@^18.19.111",
            "npm:execa@8",
            "npm:semver@^7.3.8",
            "npm:typescript@5",
            "npm:vitest@3"
          ]
        }
      },
      "packages/testing": {
        "packageJson": {
          "dependencies": [
            "npm:@netlify/build@*",
            "npm:@netlify/config@*",
            "npm:@types/lodash-es@^4.17.6",
            "npm:@types/node@^18.19.111",
            "npm:ava@5",
            "npm:c8@10",
            "npm:cpy@11",
            "npm:execa@8",
            "npm:fast-safe-stringify@^2.0.7",
            "npm:figures@6",
            "npm:get-bin-path@11",
            "npm:get-port@7",
            "npm:get-stream@9",
            "npm:is-plain-obj@4",
            "npm:lodash-es@^4.17.21",
            "npm:path-key@4",
            "npm:strip-ansi@7",
            "npm:tmp-promise@^3.0.2",
            "npm:typescript@5"
          ]
        }
      },
      "packages/zip-it-and-ship-it": {
        "packageJson": {
          "dependencies": [
            "npm:@babel/parser@^7.22.5",
            "npm:@babel/types@7.28.1",
            "npm:@netlify/binary-info@1",
            "npm:@netlify/serverless-functions-api@^2.1.3",
            "npm:@types/archiver@6.0.3",
            "npm:@types/is-ci@3.0.4",
            "npm:@types/node@20.12.11",
            "npm:@types/normalize-path@3.0.2",
            "npm:@types/resolve@1.20.6",
            "npm:@types/semver@7.7.0",
            "npm:@types/unixify@1.0.2",
            "npm:@types/yargs@17.0.33",
            "npm:@vercel/nft@0.30",
            "npm:@vitest/coverage-v8@3",
            "npm:archiver@7",
            "npm:browserslist@4.25.1",
            "npm:cardinal@2.1.1",
            "npm:common-path-prefix@3",
            "npm:copy-file@11",
            "npm:cpy@11.1.0",
            "npm:decompress@4.2.1",
            "npm:deepmerge@^4.3.1",
            "npm:es-module-lexer@1",
            "npm:esbuild@0.25.6",
            "npm:execa@8",
            "npm:fast-glob@^3.3.3",
            "npm:filter-obj@6",
            "npm:find-up@7",
            "npm:get-stream@9.0.1",
            "npm:is-ci@4.1.0",
            "npm:is-path-inside@4",
            "npm:junk@4",
            "npm:lambda-local@2.2.0",
            "npm:locate-path@7",
            "npm:merge-options@^3.0.4",
            "npm:minimatch@9",
            "npm:normalize-path@3",
            "npm:p-map@7",
            "npm:path-exists@5",
            "npm:precinct@12",
            "npm:require-package-name@^2.0.1",
            "npm:resolve@^2.0.0-next.1",
            "npm:semver@^7.3.8",
            "npm:source-map-support@0.5.21",
            "npm:tmp-promise@^3.0.2",
            "npm:toml@3",
            "npm:typescript@5.8.3",
            "npm:unixify@1",
            "npm:urlpattern-polyfill@8.0.2",
            "npm:vitest@3",
            "npm:yargs@17",
            "npm:zod@^3.23.8"
          ]
        }
      }
    }
  }
}
