{
  "version": "4",
  "redirects": {
    "https://ghuc.cc/worker-tools/html-rewriter/index.ts": "https://raw.githubusercontent.com/worker-tools/html-rewriter/master/index.ts",
    "https://ghuc.cc/worker-tools/resolvable-promise/index.ts": "https://raw.githubusercontent.com/worker-tools/resolvable-promise/master/index.ts"
  },
  "remote": {
    "https://deno.land/std@0.134.0/fmt/colors.ts": "30455035d6d728394781c10755351742dd731e3db6771b1843f9b9e490104d37",
    "https://deno.land/std@0.134.0/testing/_diff.ts": "9d849cd6877694152e01775b2d93f9d6b7aef7e24bfe3bfafc4d7a1ac8e9f392",
    "https://deno.land/std@0.134.0/testing/asserts.ts": "b0ef969032882b1f7eb1c7571e313214baa1485f7b61cf35807b2434e254365c",
    "https://deno.land/std@0.177.0/_util/asserts.ts": "178dfc49a464aee693a7e285567b3d0b555dc805ff490505a8aae34f9cfb1462",
    "https://deno.land/std@0.177.0/_util/os.ts": "d932f56d41e4f6a6093d56044e29ce637f8dcc43c5a90af43504a889cf1775e3",
    "https://deno.land/std@0.177.0/bytes/index_of_needle.ts": "65c939607df609374c4415598fa4dad04a2f14c4d98cd15775216f0aaf597f24",
    "https://deno.land/std@0.177.0/encoding/base64.ts": "7de04c2f8aeeb41453b09b186480be90f2ff357613b988e99fabb91d2eeceba1",
    "https://deno.land/std@0.177.0/encoding/base64url.ts": "3f1178f6446834457b16bfde8b559c1cd3481727fe384d3385e4a9995dc2d851",
    "https://deno.land/std@0.177.0/fmt/colors.ts": "938c5d44d889fb82eff6c358bea8baa7e85950a16c9f6dae3ec3a7a729164471",
    "https://deno.land/std@0.177.0/node/_core.ts": "9a58c0ef98ee77e9b8fcc405511d1b37a003a705eb6a9b6e95f75434d8009adc",
    "https://deno.land/std@0.177.0/node/_utils.ts": "7fd55872a0cf9275e3c080a60e2fa6d45b8de9e956ebcde9053e72a344185884",
    "https://deno.land/std@0.177.0/node/buffer.ts": "85617be2063eccaf177dbb84c7580d1e32023724ed14bd9df4e453b152a26167",
    "https://deno.land/std@0.177.0/node/internal/buffer.mjs": "e92303a3cc6d9aaabcd270a937ad9319825d9ba08cb332650944df4562029b27",
    "https://deno.land/std@0.177.0/node/internal/crypto/_keys.ts": "8f3c3b5a141aa0331a53c205e9338655f1b3b307a08085fd6ff6dda6f7c4190b",
    "https://deno.land/std@0.177.0/node/internal/crypto/constants.ts": "544d605703053218499b08214f2e25cf4310651d535b7ab995891c4b7a217693",
    "https://deno.land/std@0.177.0/node/internal/error_codes.ts": "8495e33f448a484518d76fa3d41d34fc20fe03c14b30130ad8e936b0035d4b8b",
    "https://deno.land/std@0.177.0/node/internal/errors.ts": "1c699b8a3cb93174f697a348c004b1c6d576b66688eac8a48ebb78e65c720aae",
    "https://deno.land/std@0.177.0/node/internal/hide_stack_frames.ts": "9dd1bad0a6e62a1042ce3a51eb1b1ecee2f246907bff44835f86e8f021de679a",
    "https://deno.land/std@0.177.0/node/internal/idna.ts": "034043ac9273eb5ba83112c926dba1777775f1eca40e021c8703cd1720bedd9f",
    "https://deno.land/std@0.177.0/node/internal/normalize_encoding.mjs": "fd1d9df61c44d7196432f6e8244621468715131d18cc79cd299fc78ac549f707",
    "https://deno.land/std@0.177.0/node/internal/primordials.mjs": "a72d86b5aa55d3d50b8e916b6a59b7cc0dc5a31da8937114b4a113ad5aa08c74",
    "https://deno.land/std@0.177.0/node/internal/querystring.ts": "479f30c136555dc3b6f09af7d0de8a70c753035c1d5b57acc696722028788323",
    "https://deno.land/std@0.177.0/node/internal/util.mjs": "f7fe2e1ca5e66f550ad0856b9f5ee4d666f0c071fe212ea7fc7f37cfa81f97a5",
    "https://deno.land/std@0.177.0/node/internal/util/inspect.mjs": "11d7c9cab514b8e485acc3978c74b837263ff9c08ae4537fa18ad56bae633259",
    "https://deno.land/std@0.177.0/node/internal/util/types.ts": "0e587b44ec5e017cf228589fc5ce9983b75beece6c39409c34170cfad49d6417",
    "https://deno.land/std@0.177.0/node/internal/validators.mjs": "e02f2b02dd072a5d623970292588d541204dc82207b4c58985d933a5f4b382e6",
    "https://deno.land/std@0.177.0/node/internal_binding/_libuv_winerror.ts": "30c9569603d4b97a1f1a034d88a3f74800d5ea1f12fcc3d225c9899d4e1a518b",
    "https://deno.land/std@0.177.0/node/internal_binding/_node.ts": "cb2389b0eab121df99853eb6a5e3a684e4537e065fb8bf2cca0cbf219ce4e32e",
    "https://deno.land/std@0.177.0/node/internal_binding/_utils.ts": "7c58a2fbb031a204dee9583ba211cf9c67922112fe77e7f0b3226112469e9fe1",
    "https://deno.land/std@0.177.0/node/internal_binding/_winerror.ts": "3e8cfdfe22e89f13d2b28529bab35155e6b1730c0221ec5a6fc7077dc037be13",
    "https://deno.land/std@0.177.0/node/internal_binding/buffer.ts": "31729e0537921d6c730ad0afea44a7e8a0a1044d070ade8368226cb6f7390c8b",
    "https://deno.land/std@0.177.0/node/internal_binding/constants.ts": "21ff9d1ee71d0a2086541083a7711842fc6ae25e264dbf45c73815aadce06f4c",
    "https://deno.land/std@0.177.0/node/internal_binding/string_decoder.ts": "54c3c1cbd5a9254881be58bf22637965dc69535483014dab60487e299cb95445",
    "https://deno.land/std@0.177.0/node/internal_binding/types.ts": "2187595a58d2cf0134f4db6cc2a12bf777f452f52b15b6c3aed73fa072aa5fc3",
    "https://deno.land/std@0.177.0/node/internal_binding/util.ts": "808ff3b92740284184ab824adfc420e75398c88c8bccf5111f0c24ac18c48f10",
    "https://deno.land/std@0.177.0/node/internal_binding/uv.ts": "eb0048e30af4db407fb3f95563e30d70efd6187051c033713b0a5b768593a3a3",
    "https://deno.land/std@0.177.0/node/path.ts": "1c6aa9101554136525b368e8280f0f78136d4071dd71ad3a70477f27d9e4dd91",
    "https://deno.land/std@0.177.0/node/path/_constants.ts": "2e2f68b8679cbf0ef118de8e5719e90cfb091de17d4a7c026c911b6772e6a247",
    "https://deno.land/std@0.177.0/node/path/_interface.ts": "c67d76726d0f86ea62ec68d17f11d50680c4659a60a0ea6dcd2488109435b4ce",
    "https://deno.land/std@0.177.0/node/path/_util.ts": "44deaf5bbd947eafb3439ea7208d0625e231c5f55c421fe83f5ef91218dcd28c",
    "https://deno.land/std@0.177.0/node/path/common.ts": "ee7505ab01fd22de3963b64e46cff31f40de34f9f8de1fff6a1bd2fe79380000",
    "https://deno.land/std@0.177.0/node/path/glob.ts": "b5fc2aed74aa7511cfd07d52dcd595cc18cd7ca431326a664e735d8905d85ce8",
    "https://deno.land/std@0.177.0/node/path/mod.ts": "cad27b16a7a3a8c2bb3ad1ba68a63d11e4fb616d63fd55c95e399a0a3a927be2",
    "https://deno.land/std@0.177.0/node/path/posix.ts": "a066e77f554358a82b4a693726faa41932f02f5bcd520f07afb6b2372e62484d",
    "https://deno.land/std@0.177.0/node/path/separator.ts": "5cfefe182e88bc8138022475703a9b39b13250c79bf234cdc6e3be9afd639662",
    "https://deno.land/std@0.177.0/node/path/win32.ts": "3a1b21948e0063cf1ac1c6834ef3ed633b5405f107be01aadfaedd2088b57eef",
    "https://deno.land/std@0.177.0/node/querystring.ts": "2dce8068cb80ce2bf503aecd888be1b89827288352b6581e0fc401886d56cd86",
    "https://deno.land/std@0.177.0/node/url.ts": "f8c6656f32728a447705a273e3d8a5118631c0b6560d13fc613901ec9a3f69d0",
    "https://deno.land/std@0.177.0/path/_constants.ts": "e49961f6f4f48039c0dfed3c3f93e963ca3d92791c9d478ac5b43183413136e0",
    "https://deno.land/std@0.177.0/path/_interface.ts": "6471159dfbbc357e03882c2266d21ef9afdb1e4aa771b0545e90db58a0ba314b",
    "https://deno.land/std@0.177.0/path/_util.ts": "d7abb1e0dea065f427b89156e28cdeb32b045870acdf865833ba808a73b576d0",
    "https://deno.land/std@0.177.0/path/common.ts": "ee7505ab01fd22de3963b64e46cff31f40de34f9f8de1fff6a1bd2fe79380000",
    "https://deno.land/std@0.177.0/path/glob.ts": "d479e0a695621c94d3fd7fe7abd4f9499caf32a8de13f25073451c6ef420a4e1",
    "https://deno.land/std@0.177.0/path/mod.ts": "4b83694ac500d7d31b0cdafc927080a53dc0c3027eb2895790fb155082b0d232",
    "https://deno.land/std@0.177.0/path/posix.ts": "8b7c67ac338714b30c816079303d0285dd24af6b284f7ad63da5b27372a2c94d",
    "https://deno.land/std@0.177.0/path/separator.ts": "0fb679739d0d1d7bf45b68dacfb4ec7563597a902edbaf3c59b50d5bcadd93b1",
    "https://deno.land/std@0.177.0/path/win32.ts": "d186344e5583bcbf8b18af416d13d82b35a317116e6460a5a3953508c3de5bba",
    "https://deno.land/std@0.177.0/testing/_diff.ts": "1a3c044aedf77647d6cac86b798c6417603361b66b54c53331b312caeb447aea",
    "https://deno.land/std@0.177.0/testing/_format.ts": "a69126e8a469009adf4cf2a50af889aca364c349797e63174884a52ff75cf4c7",
    "https://deno.land/std@0.177.0/testing/asserts.ts": "984ab0bfb3faeed92ffaa3a6b06536c66811185328c5dd146257c702c41b01ab",
    "https://deno.land/std@0.194.0/encoding/base64.ts": "144ae6234c1fbe5b68666c711dc15b1e9ee2aef6d42b3b4345bf9a6c91d70d0d",
    "https://deno.land/std@0.98.0/async/deferred.ts": "624bef4b755b71394620508a0c234a93cb8020cbd1b04bfcdad41c174392cef6",
    "https://deno.land/std@0.98.0/async/delay.ts": "9de1d8d07d1927767ab7f82434b883f3d8294fb19cad819691a2ad81a728cf3d",
    "https://deno.land/std@0.98.0/async/mod.ts": "f24e4a94f9fb7de78e8345e9590e1bf23da28a212541970413a023094448031b",
    "https://deno.land/std@0.98.0/async/mux_async_iterator.ts": "62abff3af9ff619e8f2adc96fc70d4ca020fa48a50c23c13f12d02ed2b760dbe",
    "https://deno.land/std@0.98.0/async/pool.ts": "353ce4f91865da203a097aa6f33de8966340c91b6f4a055611c8c5d534afd12f",
    "https://deno.land/std@0.98.0/async/tee.ts": "6b8f1322b6dd2396202cfbe9cde9cab158d1e962cfd9197b0a97c6657bee79ce",
    "https://deno.land/x/dir@1.5.1/data_local_dir/mod.ts": "91eb1c4bfadfbeda30171007bac6d85aadacd43224a5ed721bbe56bc64e9eb66",
    "https://deno.land/x/eszip@v0.55.2/eszip_wasm.generated.js": "08c55fa2d3436ff597d16c560deec9b1755e7728d2920c86e4bad8213bcd63e4",
    "https://deno.land/x/eszip@v0.55.2/loader.ts": "31bae51763d86b8e60df3b3a8d0359e71d2ff32451af5f27ff7854bdd6f1f726",
    "https://deno.land/x/eszip@v0.55.2/mod.ts": "1ab71595e9f0b771987276f96d323c3e03ad7f41fc653b38c44dfd51439c20e1",
    "https://deno.land/x/retry@v2.0.0/deps.ts": "62bc07039958b86fcb32e739cc030358417ee1f21872d54c108787d7cea202dc",
    "https://deno.land/x/retry@v2.0.0/misc.ts": "1576f1b578a8da8c9f3e21988a77cb66081bc04d73965e98f635e7107bd394ea",
    "https://deno.land/x/retry@v2.0.0/mod.ts": "a02882eca91f62cda4871ff55b83e9b7ac7173fe7e37028e3ff24d5a58c723e4",
    "https://deno.land/x/retry@v2.0.0/retry/decorator.ts": "d95aa83651c355be3c01290721cf1c1c121ef442031abd9b91b06486b9908978",
    "https://deno.land/x/retry@v2.0.0/retry/options.ts": "b97a77a8dbad759602c92f3b08a2e99466844ff672e9cf52523c6f94cb47619b",
    "https://deno.land/x/retry@v2.0.0/retry/retry.ts": "2d8de90696082287aa31ee7723d3fb9b7d8f10f06651aa38494364e69a371a6e",
    "https://deno.land/x/retry@v2.0.0/retry/tooManyTries.ts": "e63db29ff25b32a7938da60112a7a0280b3dffa5d888b25d3225d417057af0fa",
    "https://deno.land/x/retry@v2.0.0/retry/utils/options.ts": "ad21c186f419f29f4dde70631ef4cf47302fc63f99c9d259108cc4fc10b64c91",
    "https://deno.land/x/retry@v2.0.0/retry/utils/tools.ts": "0873dd98867c3befa40777b4c39752443b7e4a357194719b3f7e52a6af3b96d5",
    "https://deno.land/x/retry@v2.0.0/retry/utils/untilDefined/decorators.ts": "b0638e5d8f29ae91591fc0c22d59aaeca98875b25f27965f00dac8ac62827240",
    "https://deno.land/x/retry@v2.0.0/retry/utils/untilDefined/retry.ts": "419ff8e8e70d3afd9c72e4c613da1a33f1226701fd38a0529f053848ed295169",
    "https://deno.land/x/retry@v2.0.0/retry/utils/untilResponse/decorators.ts": "0696c8292acb316a78bcd228c141b2039fe2dcf3089ae5d93c65e1e2b0778240",
    "https://deno.land/x/retry@v2.0.0/retry/utils/untilResponse/retry.ts": "756c9260656c1e506437d20a09c03d56a52c03deb4d90cf5ec04fe444a7c5a60",
    "https://deno.land/x/retry@v2.0.0/retry/utils/untilTruthy/decorators.ts": "669d6abfd4efacd0e3404b869710a54fe14452b96af9a8a6a9277a06b4736083",
    "https://deno.land/x/retry@v2.0.0/retry/utils/untilTruthy/retry.ts": "b9a84430b3116c973175a07e0fffed70db9ea5f6154ec4f56f267ec3df8e5e3d",
    "https://deno.land/x/retry@v2.0.0/wait/decorators.ts": "8bdb7953fc3408369afc5bba03a1ac285a81fe1472a688418cf8d0391eeef7ff",
    "https://deno.land/x/retry@v2.0.0/wait/options.ts": "159e50c401e5fbb5513aa25cffb703758d9618e80b8a40b6af2ba51d3153a19a",
    "https://deno.land/x/retry@v2.0.0/wait/timeoutError.ts": "61b6b17e26cd16d7f612169185c8e4e63271673c15ad6b8bb4b20fbd9418b1fb",
    "https://deno.land/x/retry@v2.0.0/wait/wait.ts": "508bd97fced6b35393c358339e9a89d3cef9497dd2d95beaed40a83fef7e3d4f",
    "https://deno.land/x/wasmbuild@0.15.1/cache.ts": "9d01b5cb24e7f2a942bbd8d14b093751fa690a6cde8e21709ddc97667e6669ed",
    "https://deno.land/x/wasmbuild@0.15.1/loader.ts": "8c2fc10e21678e42f84c5135d8ab6ab7dc92424c3f05d2354896a29ccfd02a63",
    "https://edge.netlify.com/": "fd941d61d88673d5f28aab283fb86fcc50f08a3bc80ee5470498fcfa88c65cfb",
    "https://edge.netlify.com/bootstrap/config.ts": "6a2ce0e544e15e8f8883a5c18da5948e37fd0f2619f68cb31f3af53c51817025",
    "https://edge.netlify.com/bootstrap/context.ts": "fd792dda2b38ccea88c7d72aadf31825a2f08fa30c574ab21f9cafba578245e0",
    "https://edge.netlify.com/bootstrap/cookie.ts": "8b0baae708989ca183c6f3b4ab3d029e6abcbc2e43f93edeb0ff447b3bbc3a05",
    "https://edge.netlify.com/bootstrap/edge_function.ts": "b8253e86aa83c67341f5cfedeba5049d77fbf84dcab7eceff7566b7728ae9b39",
    "https://edge.netlify.com/bootstrap/globals/types.ts": "eaa6148ded3121d8dee62dd91c86e7fe76601df0f3ca8d7962243a30f4c8935f",
    "https://raw.githubusercontent.com/worker-tools/html-rewriter/master/index.ts": "4e287b8929fbe8dba02de604f9d01b07323c81d1c62fef4094ccd10452493b11",
    "https://raw.githubusercontent.com/worker-tools/html-rewriter/master/vendor/asyncify.js": "a70e36d0143de2de2e813917d740259ee71bcf1df75ceeaac0c1bc0ef7cc9a29",
    "https://raw.githubusercontent.com/worker-tools/html-rewriter/master/vendor/html_rewriter.js": "32338151908217b07edd036ec81374df79b5aefd3b4069f04220ec330332cc2c",
    "https://raw.githubusercontent.com/worker-tools/resolvable-promise/master/index.ts": "67d11f839d8e831074668e29e22c582d0ec0bbfcbf49d639ed33d9baffefed36"
  },
  "workspace": {
    "packageJson": {
      "dependencies": [
        "npm:@commitlint/cli@19",
        "npm:@commitlint/config-conventional@19",
        "npm:@eslint/compat@^1.2.9",
        "npm:@eslint/js@^9.28.0",
        "npm:@typescript-eslint/eslint-plugin@^8.34.0",
        "npm:@vitest/eslint-plugin@^1.2.1",
        "npm:eslint-config-prettier@^10.1.5",
        "npm:eslint-plugin-ava@^15.0.1",
        "npm:eslint-plugin-import@^2.31.0",
        "npm:eslint-plugin-n@^17.19.0",
        "npm:eslint@^9.28.0",
        "npm:execa@^8.0.1",
        "npm:lerna@^8.2.2",
        "npm:prettier@3",
        "npm:typescript-eslint@^8.34.0"
      ]
    },
    "members": {
      "packages/build": {
        "packageJson": {
          "dependencies": [
            "npm:@bugsnag/js@8",
            "npm:@netlify/blobs@^10.0.7",
            "npm:@netlify/cache-utils@^6.0.3",
            "npm:@netlify/config@^24.0.1",
            "npm:@netlify/edge-bundler@14.5.0",
            "npm:@netlify/functions-utils@^6.2.1",
            "npm:@netlify/git-utils@^6.0.2",
            "npm:@netlify/nock-udp@^5.0.1",
            "npm:@netlify/opentelemetry-utils@^2.0.1",
            "npm:@netlify/plugins-list@^6.80.0",
            "npm:@netlify/run-utils@^6.0.2",
            "npm:@netlify/zip-it-and-ship-it@14.1.1",
            "npm:@opentelemetry/api@1.8",
            "npm:@opentelemetry/sdk-trace-base@1.24",
            "npm:@sindresorhus/slugify@2",
            "npm:@types/node@^18.19.111",
            "npm:ansi-escapes@7",
            "npm:ansis@^4.1.0",
            "npm:atob@^2.1.2",
            "npm:ava@5",
            "npm:c8@10",
            "npm:clean-stack@5",
            "npm:cpy-cli@5",
            "npm:cpy@11",
            "npm:execa@8",
            "npm:fdir@^6.0.1",
            "npm:figures@6",
            "npm:filter-obj@6",
            "npm:get-node@^14.2.1",
            "npm:get-port@7",
            "npm:has-ansi@6",
            "npm:hot-shots@11.1.0",
            "npm:indent-string@5",
            "npm:is-plain-obj@4",
            "npm:keep-func-props@6",
            "npm:log-process-errors@11",
            "npm:memoize-one@6",
            "npm:minimatch@^9.0.4",
            "npm:moize@6",
            "npm:npm-run-all2@6",
            "npm:os-name@6",
            "npm:p-event@6",
            "npm:p-filter@4",
            "npm:p-locate@6",
            "npm:p-map@7",
            "npm:p-reduce@3",
            "npm:package-directory@8",
            "npm:path-exists@5",
            "npm:pretty-ms@9",
            "npm:process-exists@5",
            "npm:ps-list@8",
            "npm:read-package-up@11",
            "npm:readdirp@4",
            "npm:resolve@^2.0.0-next.5",
            "npm:rfdc@^1.3.0",
            "npm:safe-json-stringify@^1.2.0",
            "npm:semver@^7.3.8",
            "npm:string-width@7",
            "npm:supports-color@10",
            "npm:terminal-link@4",
            "npm:tinyspy@^4.0.3",
            "npm:tmp-promise@^3.0.2",
            "npm:ts-node@^10.9.1",
            "npm:tsd@0.32",
            "npm:typescript@5",
            "npm:uuid@11",
            "npm:vitest@3",
            "npm:yaml@^2.8.0",
            "npm:yargs@^17.6.0",
            "npm:yarn@^1.22.22"
          ]
        }
      },
      "packages/build-info": {
        "packageJson": {
          "dependencies": [
            "npm:@bugsnag/js@8",
            "npm:@iarna/toml@^2.2.5",
            "npm:@playwright/test@^1.53.1",
            "npm:@types/node@^18.19.111",
            "npm:@types/semver@^7.3.13",
            "npm:@vitest/ui@3",
            "npm:dot-prop@9",
            "npm:execa@8",
            "npm:find-up@7",
            "npm:memfs@4",
            "npm:minimatch@9",
            "npm:read-pkg@9",
            "npm:semver@^7.3.8",
            "npm:typescript@5",
            "npm:unionfs@^4.4.0",
            "npm:vitest@3",
            "npm:yaml@^2.8.0",
            "npm:yargs@^17.6.0"
          ]
        }
      },
      "packages/cache-utils": {
        "packageJson": {
          "dependencies": [
            "npm:@types/node@^18.19.111",
            "npm:cpy@11",
            "npm:get-stream@9",
            "npm:globby@14",
            "npm:junk@4",
            "npm:locate-path@7",
            "npm:move-file@3",
            "npm:readdirp@4",
            "npm:tmp-promise@3",
            "npm:typescript@5",
            "npm:vitest@3"
          ]
        }
      },
      "packages/config": {
        "packageJson": {
          "dependencies": [
            "npm:@iarna/toml@^2.2.5",
            "npm:@netlify/api@^14.0.3",
            "npm:@netlify/headers-parser@^9.0.1",
            "npm:@netlify/redirect-parser@^15.0.3",
            "npm:@types/node@^18.19.111",
            "npm:ava@5",
            "npm:c8@10",
            "npm:chalk@5",
            "npm:cron-parser@^4.1.0",
            "npm:deepmerge@^4.2.2",
            "npm:dot-prop@9",
            "npm:execa@8",
            "npm:fast-safe-stringify@^2.0.7",
            "npm:figures@6",
            "npm:filter-obj@6",
            "npm:find-up@7",
            "npm:has-ansi@6",
            "npm:indent-string@5",
            "npm:is-ci@4",
            "npm:is-plain-obj@4",
            "npm:map-obj@5",
            "npm:omit.js@^2.0.2",
            "npm:p-locate@6",
            "npm:path-type@6",
            "npm:read-package-up@11",
            "npm:tmp-promise@^3.0.2",
            "npm:tomlify-j0.4@3",
            "npm:typescript@5",
            "npm:validate-npm-package-name@5",
            "npm:yaml@^2.8.0",
            "npm:yargs@^17.6.0",
            "npm:zod@^4.0.5"
          ]
        }
      },
      "packages/edge-bundler": {
        "packageJson": {
          "dependencies": [
            "npm:@import-maps/resolve@2",
            "npm:@netlify/edge-functions-bootstrap@^2.14.0",
            "npm:@types/node@^18.19.111",
            "npm:@types/semver@^7.3.9",
            "npm:@types/uuid@10",
            "npm:@vitest/coverage-v8@3",
            "npm:ajv-errors@3",
            "npm:ajv@^8.11.2",
            "npm:archiver@7",
            "npm:better-ajv-errors@^1.2.0",
            "npm:chalk@^5.4.0",
            "npm:common-path-prefix@3",
            "npm:cpy@^11.1.0",
            "npm:env-paths@3",
            "npm:esbuild@0.25.6",
            "npm:execa@8",
            "npm:find-up@7",
            "npm:get-port@7",
            "npm:nock@14",
            "npm:node-stream-zip@^1.15.0",
            "npm:npm-run-all2@6",
            "npm:p-retry@6",
            "npm:p-wait-for@5",
            "npm:parse-imports@^2.2.1",
            "npm:path-key@4",
            "npm:semver@^7.3.8",
            "npm:tar@^7.4.3",
            "npm:tmp-promise@^3.0.3",
            "npm:typescript@5",
            "npm:urlpattern-polyfill@8.0.2",
            "npm:uuid@11",
            "npm:vitest@3"
          ]
        }
      },
      "packages/functions-utils": {
        "packageJson": {
          "dependencies": [
            "npm:@netlify/zip-it-and-ship-it@14.1.1",
            "npm:@types/node@^18.19.111",
            "npm:cpy@11",
            "npm:path-exists@5",
            "npm:sort-on@6",
            "npm:tmp-promise@3",
            "npm:typescript@5",
            "npm:vitest@3"
          ]
        }
      },
      "packages/git-utils": {
        "packageJson": {
          "dependencies": [
            "npm:@types/node@^18.19.111",
            "npm:execa@8",
            "npm:map-obj@5",
            "npm:micromatch@^4.0.2",
            "npm:moize@^6.1.3",
            "npm:typescript@5",
            "npm:vitest@3"
          ]
        }
      },
      "packages/headers-parser": {
        "packageJson": {
          "dependencies": [
            "npm:@iarna/toml@^2.2.5",
            "npm:@types/node@^18.19.111",
            "npm:escape-string-regexp@5",
            "npm:fast-safe-stringify@^2.0.7",
            "npm:is-plain-obj@4",
            "npm:map-obj@5",
            "npm:path-exists@5",
            "npm:typescript@5",
            "npm:vitest@3"
          ]
        }
      },
      "packages/js-client": {
        "packageJson": {
          "dependencies": [
            "npm:@netlify/open-api@^2.37.0",
            "npm:@types/lodash-es@^4.17.6",
            "npm:@types/node@^18.19.111",
            "npm:from2-string@^1.1.0",
            "npm:lodash-es@^4.17.21",
            "npm:nock@13",
            "npm:node-fetch@3",
            "npm:p-wait-for@5",
            "npm:picoquery@^2.5.0",
            "npm:ts-node@^10.9.1",
            "npm:typescript@5",
            "npm:uuid@11",
            "npm:vitest@^3.2.3"
          ]
        }
      },
      "packages/nock-udp": {
        "packageJson": {
          "dependencies": [
            "npm:@types/node@^18.19.111",
            "npm:typescript@5",
            "npm:vitest@3"
          ]
        }
      },
      "packages/opentelemetry-sdk-setup": {
        "packageJson": {
          "dependencies": [
            "npm:@honeycombio/opentelemetry-node@~0.7.1",
            "npm:@netlify/opentelemetry-utils@~2.0.1",
            "npm:@opentelemetry/api@1.8",
            "npm:@opentelemetry/core@1.24",
            "npm:@opentelemetry/resources@1.24",
            "npm:@opentelemetry/sdk-trace-base@1.24",
            "npm:@opentelemetry/semantic-conventions@1.24",
            "npm:@types/node@^18.19.111",
            "npm:@vitest/ui@3",
            "npm:read-package-up@11",
            "npm:typescript@5",
            "npm:vitest@3",
            "npm:yargs-parser@^21.1.1"
          ]
        }
      },
      "packages/opentelemetry-utils": {
        "packageJson": {
          "dependencies": [
            "npm:@opentelemetry/api@1.8",
            "npm:@opentelemetry/sdk-trace-base@1.24",
            "npm:@opentelemetry/sdk-trace-node@1.24",
            "npm:@types/node@^18.19.111",
            "npm:@vitest/ui@3",
            "npm:typescript@5",
            "npm:vitest@3"
          ]
        }
      },
      "packages/redirect-parser": {
        "packageJson": {
          "dependencies": [
            "npm:@iarna/toml@^2.2.5",
            "npm:@types/node@^18.19.111",
            "npm:fast-safe-stringify@^2.1.1",
            "npm:is-plain-obj@4",
            "npm:path-exists@5",
            "npm:typescript@5",
            "npm:vitest@3"
          ]
        }
      },
      "packages/run-utils": {
        "packageJson": {
          "dependencies": [
            "npm:@types/node@^18.19.111",
            "npm:execa@8",
            "npm:semver@^7.3.8",
            "npm:typescript@5",
            "npm:vitest@3"
          ]
        }
      },
      "packages/testing": {
        "packageJson": {
          "dependencies": [
            "npm:@netlify/build@*",
            "npm:@netlify/config@*",
            "npm:@types/lodash-es@^4.17.6",
            "npm:@types/node@^18.19.111",
            "npm:ava@5",
            "npm:c8@10",
            "npm:cpy@11",
            "npm:execa@8",
            "npm:fast-safe-stringify@^2.0.7",
            "npm:figures@6",
            "npm:get-bin-path@11",
            "npm:get-port@7",
            "npm:get-stream@9",
            "npm:is-plain-obj@4",
            "npm:lodash-es@^4.17.21",
            "npm:path-key@4",
            "npm:strip-ansi@7",
            "npm:tmp-promise@^3.0.2",
            "npm:typescript@5"
          ]
        }
      },
      "packages/zip-it-and-ship-it": {
        "packageJson": {
          "dependencies": [
            "npm:@babel/parser@^7.22.5",
            "npm:@babel/types@7.28.1",
            "npm:@netlify/binary-info@1",
            "npm:@netlify/serverless-functions-api@^2.1.3",
            "npm:@types/archiver@6.0.3",
            "npm:@types/is-ci@3.0.4",
            "npm:@types/node@20.12.11",
            "npm:@types/normalize-path@3.0.2",
            "npm:@types/resolve@1.20.6",
            "npm:@types/semver@7.7.0",
            "npm:@types/unixify@1.0.2",
            "npm:@types/yargs@17.0.33",
            "npm:@vercel/nft@0.30",
            "npm:@vitest/coverage-v8@3",
            "npm:archiver@7",
            "npm:browserslist@4.25.1",
            "npm:cardinal@2.1.1",
            "npm:common-path-prefix@3",
            "npm:copy-file@11",
            "npm:cpy@11.1.0",
            "npm:decompress@4.2.1",
            "npm:deepmerge@^4.3.1",
            "npm:es-module-lexer@1",
            "npm:esbuild@0.25.6",
            "npm:execa@8",
            "npm:fast-glob@^3.3.3",
            "npm:filter-obj@6",
            "npm:find-up@7",
            "npm:get-stream@9.0.1",
            "npm:is-ci@4.1.0",
            "npm:is-path-inside@4",
            "npm:junk@4",
            "npm:lambda-local@2.2.0",
            "npm:locate-path@7",
            "npm:merge-options@^3.0.4",
            "npm:minimatch@9",
            "npm:normalize-path@3",
            "npm:p-map@7",
            "npm:path-exists@5",
            "npm:precinct@12",
            "npm:require-package-name@^2.0.1",
            "npm:resolve@^2.0.0-next.1",
            "npm:semver@^7.3.8",
            "npm:source-map-support@0.5.21",
            "npm:tmp-promise@^3.0.2",
            "npm:toml@3",
            "npm:typescript@5.8.3",
            "npm:unixify@1",
            "npm:urlpattern-polyfill@8.0.2",
            "npm:vitest@3",
            "npm:yargs@17",
            "npm:zod@^3.23.8"
          ]
        }
      }
    }
  }
}
