{
  "version": "3",
  "remote": {
    "https://edge.netlify.com/": "fd941d61d88673d5f28aab283fb86fcc50f08a3bc80ee5470498fcfa88c65cfb",
    "https://edge.netlify.com/bootstrap/account.ts": "192cb0b87d19640058bb28e7a9d46c59ba77e0bf41b89708e23938cca2644e06",
    "https://edge.netlify.com/bootstrap/blobs.ts": "3b46e2af986f4675e119810304ed681e66b8ea49adb407f38f76c5ff4bb4f05f",
    "https://edge.netlify.com/bootstrap/bypass.ts": "cf3423a7e2b9f136e84b93dfedbe7d27887c75e68e20619b2ffd891919f27c3e",
    "https://edge.netlify.com/bootstrap/cache.ts": "82af3afd301482592a02bdc7fced77620b42e4dd9414bf60510f559a5af15c84",
    "https://edge.netlify.com/bootstrap/config.ts": "6a2ce0e544e15e8f8883a5c18da5948e37fd0f2619f68cb31f3af53c51817025",
    "https://edge.netlify.com/bootstrap/context.ts": "c6e9de479234f3ac500d2fc1544dadf1925e335d0d5551b1a71b7ce14423a683",
    "https://edge.netlify.com/bootstrap/cookie.ts": "8b0baae708989ca183c6f3b4ab3d029e6abcbc2e43f93edeb0ff447b3bbc3a05",
    "https://edge.netlify.com/bootstrap/cookie_store.ts": "2a1da3b09a35f8b31c82f91f182cf4dd43bc03c3e48036563d3803b7dd5b52c4",
    "https://edge.netlify.com/bootstrap/deno-fs.ts": "ccd0a9335de14e01d77e8937e2320c99a110f5f2a473b80126750e3884ef952a",
    "https://edge.netlify.com/bootstrap/edge_function.ts": "b8253e86aa83c67341f5cfedeba5049d77fbf84dcab7eceff7566b7728ae9b39",
    "https://edge.netlify.com/bootstrap/environment.ts": "6d8bfb2359f170db4a1e1513904e9610ed047d7c1187cc0ceb4f0356231fbdde",
    "https://edge.netlify.com/bootstrap/feature_flags.ts": "efab0245acb8436e897b245d0cc5f3226c364395d3dca8d65442cc1676fa35c6",
    "https://edge.netlify.com/bootstrap/function_chain.ts": "7d2b6692385fa7f69507f50904423fe99bc66b4236e8d3dc32a0011208d64a39",
    "https://edge.netlify.com/bootstrap/geo.ts": "f5c8edca3a460c82c2e9300270b2d270531efa995cc8c2c0b239713775bf6fe5",
    "https://edge.netlify.com/bootstrap/globals/implementation.ts": "dbfb9b73fcbd2b7ce56260ea7b6062075702dcbab75403fcd8ea454fb7bfb5c4",
    "https://edge.netlify.com/bootstrap/globals/types.ts": "eaa6148ded3121d8dee62dd91c86e7fe76601df0f3ca8d7962243a30f4c8935f",
    "https://edge.netlify.com/bootstrap/handler.ts": "52732f96e7fd3a7a275ada1b83702fe724afb83d0458af47a740e267d7941372",
    "https://edge.netlify.com/bootstrap/headers.ts": "f18295c406bcd22bbc751b4da02e36854dda837ab1cf02b03b44f475a660a4b8",
    "https://edge.netlify.com/bootstrap/index-combined.ts": "92dc4703e8c779b24da845f4279353716a903c91f4fa406640d917303dcd6875",
    "https://edge.netlify.com/bootstrap/invocation_metadata.ts": "457e73cb43dbe7695b32065f24a3d1e8e935efa517a2f25e2fd79977ea437f57",
    "https://edge.netlify.com/bootstrap/log/instrumented_log.ts": "2331dce64d32b51e301d5139fc403792162638ff603e482c381ac27e932d7f95",
    "https://edge.netlify.com/bootstrap/log/logger.ts": "74b7e7fb58654678a2eaddb3257f279056a5cbec884b355e5b62ac9e582496fa",
    "https://edge.netlify.com/bootstrap/metrics.ts": "a585daf2bffa339b3be707e6f9e8d9c65a78a820513557f7b0806f3895e1c295",
    "https://edge.netlify.com/bootstrap/path_parameters.ts": "8266dd6cbb4dbf859aa3536b1250b4daace8f00b2c82e7042006d8d0e448dd52",
    "https://edge.netlify.com/bootstrap/request.ts": "8d5d23b9c4936751d7df6d6da92d9d77b7226c1615ac4cb1acb3f47f5fb0ae2e",
    "https://edge.netlify.com/bootstrap/response.ts": "4e0d2537f810028ddbe91138b3526dae3f4c3fb30ff17673342ca971207c21b7",
    "https://edge.netlify.com/bootstrap/retry.ts": "196357ed0af0b77a6919bcc6c10c42a22742dd099a7343c1227eb35b1fdebc5c",
    "https://edge.netlify.com/bootstrap/router.ts": "d753b1b1c561ddd25bf4076450b2cf667fa5ec77187de5dd9842757977a6ba35",
    "https://edge.netlify.com/bootstrap/server.ts": "4744e7ba8b2bc689eced7770eb43af875a5f26c9bd2fbf891220cb1c5c90f4ad",
    "https://edge.netlify.com/bootstrap/site.ts": "ae2fe4267a6101fa93c1ccd36dfa4a7b084d66aeeded337fa2683b8904718ee1",
    "https://edge.netlify.com/bootstrap/stage_2.ts": "a90258046f480d1e423c140d5cdbf305c860283e021d2bcf5eff36d5d6929114",
    "https://edge.netlify.com/bootstrap/util/errors.ts": "8e14c65504f204c1773342a68a376995fe45d9397b6e3f453d19940270ebf707",
    "https://edge.netlify.com/bootstrap/util/execution_context.ts": "a8cb042ab7f91d41cb88940c0c9a3a44ef931516be7084f80d2b429f5649dbc7",
    "https://edge.netlify.com/bootstrap/util/fetch.ts": "4c12d853804c7594754a110f83f8144e7c91e52eec5e9693c6b3642ac59dc044",
    "https://edge.netlify.com/bootstrap/util/patch_globals.ts": "70ccedcf3790aa97e3570efaca93973b2ef281c59cfb9e173073913553c81872",
    "https://edge.netlify.com/bootstrap/util/redirect.ts": "30c76d79832f9b3af21fbe31e29c841f9c3ab85fb34cac80e1e6a5ab7de55551",
    "https://edge.netlify.com/bootstrap/util/stack_tracer.ts": "20e47bfb3c365be712067dd62457ac20b6204420ca7250d9e607665c2b4a2823",
    "https://edge.netlify.com/vendor/deno.land/std@0.170.0/_util/asserts.ts": "d0844e9b62510f89ce1f9878b046f6a57bf88f208a10304aab50efcb48365272",
    "https://edge.netlify.com/vendor/deno.land/std@0.170.0/_util/os.ts": "8a33345f74990e627b9dfe2de9b040004b08ea5146c7c9e8fe9a29070d193934",
    "https://edge.netlify.com/vendor/deno.land/std@0.170.0/async/abortable.ts": "80b2ac399f142cc528f95a037a7d0e653296352d95c681e284533765961de409",
    "https://edge.netlify.com/vendor/deno.land/std@0.170.0/async/deadline.ts": "2c2deb53c7c28ca1dda7a3ad81e70508b1ebc25db52559de6b8636c9278fd41f",
    "https://edge.netlify.com/vendor/deno.land/std@0.170.0/async/debounce.ts": "60301ffb37e730cd2d6f9dadfd0ecb2a38857681bd7aaf6b0a106b06e5210a98",
    "https://edge.netlify.com/vendor/deno.land/std@0.170.0/async/deferred.ts": "77d3f84255c3627f1cc88699d8472b664d7635990d5358c4351623e098e917d6",
    "https://edge.netlify.com/vendor/deno.land/std@0.170.0/async/delay.ts": "5a9bfba8de38840308a7a33786a0155a7f6c1f7a859558ddcec5fe06e16daf57",
    "https://edge.netlify.com/vendor/deno.land/std@0.170.0/async/mod.ts": "7809ad4bb223e40f5fdc043e5c7ca04e0e25eed35c32c3c32e28697c553fa6d9",
    "https://edge.netlify.com/vendor/deno.land/std@0.170.0/async/mux_async_iterator.ts": "770a0ff26c59f8bbbda6b703a2235f04e379f73238e8d66a087edc68c2a2c35f",
    "https://edge.netlify.com/vendor/deno.land/std@0.170.0/async/pool.ts": "6854d8cd675a74c73391c82005cbbe4cc58183bddcd1fbbd7c2bcda42b61cf69",
    "https://edge.netlify.com/vendor/deno.land/std@0.170.0/async/retry.ts": "e8e5173623915bbc0ddc537698fa418cf875456c347eda1ed453528645b42e67",
    "https://edge.netlify.com/vendor/deno.land/std@0.170.0/async/tee.ts": "3a47cc4e9a940904fd4341f0224907e199121c80b831faa5ec2b054c6d2eff5e",
    "https://edge.netlify.com/vendor/deno.land/std@0.170.0/datetime/to_imf.ts": "bdb0704a986a9bb48fba220722b3d4681e4b8c9c162562ee545ef2eb90b6edcd",
    "https://edge.netlify.com/vendor/deno.land/std@0.170.0/encoding/base64.ts": "8605e018e49211efc767686f6f687827d7f5fd5217163e981d8d693105640d7a",
    "https://edge.netlify.com/vendor/deno.land/std@0.170.0/flags/mod.ts": "4f50ec6383c02684db35de38b3ffb2cd5b9fcfcc0b1147055d1980c49e82521c",
    "https://edge.netlify.com/vendor/deno.land/std@0.170.0/http/cookie.ts": "581464551b3d91739f699fbd6a429e6e8701ae252cf295efcda7379e8410d204",
    "https://edge.netlify.com/vendor/deno.land/std@0.170.0/http/http_status.ts": "ed24048cc0d06066c944da59b0301da3ae2f990564bb4ad79bb52a09cf8e9b30",
    "https://edge.netlify.com/vendor/deno.land/std@0.170.0/path/_constants.ts": "df1db3ffa6dd6d1252cc9617e5d72165cd2483df90e93833e13580687b6083c3",
    "https://edge.netlify.com/vendor/deno.land/std@0.170.0/path/_interface.ts": "ee3b431a336b80cf445441109d089b70d87d5e248f4f90ff906820889ecf8d09",
    "https://edge.netlify.com/vendor/deno.land/std@0.170.0/path/_util.ts": "d16be2a16e1204b65f9d0dfc54a9bc472cafe5f4a190b3c8471ec2016ccd1677",
    "https://edge.netlify.com/vendor/deno.land/std@0.170.0/path/common.ts": "bee563630abd2d97f99d83c96c2fa0cca7cee103e8cb4e7699ec4d5db7bd2633",
    "https://edge.netlify.com/vendor/deno.land/std@0.170.0/path/glob.ts": "81cc6c72be002cd546c7a22d1f263f82f63f37fe0035d9726aa96fc8f6e4afa1",
    "https://edge.netlify.com/vendor/deno.land/std@0.170.0/path/mod.ts": "cf7cec7ac11b7048bb66af8ae03513e66595c279c65cfa12bfc07d9599608b78",
    "https://edge.netlify.com/vendor/deno.land/std@0.170.0/path/posix.ts": "b859684bc4d80edfd4cad0a82371b50c716330bed51143d6dcdbe59e6278b30c",
    "https://edge.netlify.com/vendor/deno.land/std@0.170.0/path/separator.ts": "fe1816cb765a8068afb3e8f13ad272351c85cbc739af56dacfc7d93d710fe0f9",
    "https://edge.netlify.com/vendor/deno.land/std@0.170.0/path/win32.ts": "7cebd2bda6657371adc00061a1d23fdd87bcdf64b4843bb148b0b24c11b40f69",
    "https://edge.netlify.com/vendor/esm.sh/@netlify/cache@1.7.1/denonext/dist/bootstrap/main.mjs": "e5cb61f205526ccec8e47f79bb1e94c20ca5a5e1078f1de4b9ed262ac18cf4ae",
    "https://edge.netlify.com/vendor/v1-8-0--edge-utils.netlify.app/logger/logger.ts": "8bd7a5e28b9be06f806f429be853ef865055d100a63f21ebfa2522a5bb3ab23a",
    "https://edge.netlify.com/vendor/v1-8-0--edge-utils.netlify.app/logger/mod.ts": "669a5ec2dceede2926b0e1a7471c449a445f957c1deac559e07fb4c2af390ed1"
  },
  "workspace": {
    "packageJson": {
      "dependencies": [
        "npm:@import-maps/resolve@^2.0.0",
        "npm:@types/node@^18.19.111",
        "npm:@types/semver@^7.3.9",
        "npm:@types/uuid@^10.0.0",
        "npm:@vitest/coverage-v8@^3.0.0",
        "npm:ajv-errors@^3.0.0",
        "npm:ajv@^8.11.2",
        "npm:archiver@^7.0.0",
        "npm:better-ajv-errors@^1.2.0",
        "npm:chalk@^5.4.0",
        "npm:common-path-prefix@^3.0.0",
        "npm:cpy@^11.1.0",
        "npm:env-paths@^3.0.0",
        "npm:esbuild@0.25.6",
        "npm:execa@^8.0.0",
        "npm:find-up@^7.0.0",
        "npm:get-package-name@^2.2.0",
        "npm:get-port@^7.0.0",
        "npm:is-path-inside@^4.0.0",
        "npm:nock@^14.0.0",
        "npm:node-stream-zip@^1.15.0",
        "npm:npm-run-all2@^6.0.0",
        "npm:p-retry@^6.0.0",
        "npm:p-wait-for@^5.0.0",
        "npm:parse-imports@^2.2.1",
        "npm:path-key@^4.0.0",
        "npm:semver@^7.3.8",
        "npm:tar@^7.4.3",
        "npm:tmp-promise@^3.0.3",
        "npm:typescript@^5.0.0",
        "npm:urlpattern-polyfill@8.0.2",
        "npm:uuid@^11.0.0",
        "npm:vitest@^3.0.0"
      ]
    }
  }
}
